Microsoft Visual Studio Solution File, Format Version 12.00
# Visual Studio Version 17
VisualStudioVersion = 17.5.2.0
MinimumVisualStudioVersion = 10.0.40219.1
Project("{FAE04EC0-301F-11D3-BF4B-00C04F79EFBC}") = "CSCI3110Lab01WP", "CSCI3110Lab01WP.csproj", "{72ADCD95-7460-FB2E-4391-1EBF4F5FED0A}"
EndProject
Global
	GlobalSection(SolutionConfigurationPlatforms) = preSolution
		Debug|Any CPU = Debug|Any CPU
		Release|Any CPU = Release|Any CPU
	EndGlobalSection
	GlobalSection(ProjectConfigurationPlatforms) = postSolution
		{72ADCD95-7460-FB2E-4391-1EBF4F5FED0A}.Debug|Any CPU.ActiveCfg = Debug|Any CPU
		{72ADCD95-7460-FB2E-4391-1EBF4F5FED0A}.Debug|Any CPU.Build.0 = Debug|Any CPU
		{72ADCD95-7460-FB2E-4391-1EBF4F5FED0A}.Release|Any CPU.ActiveCfg = Release|Any CPU
		{72ADCD95-7460-FB2E-4391-1EBF4F5FED0A}.Release|Any CPU.Build.0 = Release|Any CPU
	EndGlobalSection
	GlobalSection(SolutionProperties) = preSolution
		HideSolutionNode = FALSE
	EndGlobalSection
	GlobalSection(ExtensibilityGlobals) = postSolution
		SolutionGuid = {711CF2BB-4FFD-439F-ABEF-FEF79825C0E7}
	EndGlobalSection
EndGlobal
