Microsoft Visual Studio Solution File, Format Version 12.00
# Visual Studio Version 17
VisualStudioVersion = 17.5.2.0
MinimumVisualStudioVersion = 10.0.40219.1
Project("{FAE04EC0-301F-11D3-BF4B-00C04F79EFBC}") = "LecWebAPI", "LecWebAPI.csproj", "{760B182D-35B5-0E3D-3E8B-8D94C710C4C6}"
EndProject
Global
	GlobalSection(SolutionConfigurationPlatforms) = preSolution
		Debug|Any CPU = Debug|Any CPU
		Release|Any CPU = Release|Any CPU
	EndGlobalSection
	GlobalSection(ProjectConfigurationPlatforms) = postSolution
		{760B182D-35B5-0E3D-3E8B-8D94C710C4C6}.Debug|Any CPU.ActiveCfg = Debug|Any CPU
		{760B182D-35B5-0E3D-3E8B-8D94C710C4C6}.Debug|Any CPU.Build.0 = Debug|Any CPU
		{760B182D-35B5-0E3D-3E8B-8D94C710C4C6}.Release|Any CPU.ActiveCfg = Release|Any CPU
		{760B182D-35B5-0E3D-3E8B-8D94C710C4C6}.Release|Any CPU.Build.0 = Release|Any CPU
	EndGlobalSection
	GlobalSection(SolutionProperties) = preSolution
		HideSolutionNode = FALSE
	EndGlobalSection
	GlobalSection(ExtensibilityGlobals) = postSolution
		SolutionGuid = {541463A3-E74E-40F4-9C16-C2B24C11C2A0}
	EndGlobalSection
EndGlobal
