Microsoft Visual Studio Solution File, Format Version 12.00
# Visual Studio Version 17
VisualStudioVersion = 17.5.2.0
MinimumVisualStudioVersion = 10.0.40219.1
Project("{FAE04EC0-301F-11D3-BF4B-00C04F79EFBC}") = "CSCI3110WPLab2CRRUD", "CSCI3110WPLab2CRRUD.csproj", "{63523F39-586C-C688-92E9-379A20789416}"
EndProject
Global
	GlobalSection(SolutionConfigurationPlatforms) = preSolution
		Debug|Any CPU = Debug|Any CPU
		Release|Any CPU = Release|Any CPU
	EndGlobalSection
	GlobalSection(ProjectConfigurationPlatforms) = postSolution
		{63523F39-586C-C688-92E9-379A20789416}.Debug|Any CPU.ActiveCfg = Debug|Any CPU
		{63523F39-586C-C688-92E9-379A20789416}.Debug|Any CPU.Build.0 = Debug|Any CPU
		{63523F39-586C-C688-92E9-379A20789416}.Release|Any CPU.ActiveCfg = Release|Any CPU
		{63523F39-586C-C688-92E9-379A20789416}.Release|Any CPU.Build.0 = Release|Any CPU
	EndGlobalSection
	GlobalSection(SolutionProperties) = preSolution
		HideSolutionNode = FALSE
	EndGlobalSection
	GlobalSection(ExtensibilityGlobals) = postSolution
		SolutionGuid = {92282DD6-C4E1-4CF7-B9B0-8CF9E24D62A6}
	EndGlobalSection
EndGlobal
