Microsoft Visual Studio Solution File, Format Version 12.00
# Visual Studio Version 17
VisualStudioVersion = 17.5.2.0
MinimumVisualStudioVersion = 10.0.40219.1
Project("{FAE04EC0-301F-11D3-BF4B-00C04F79EFBC}") = "Lab5WPBookAuthorApp", "Lab5WPBookAuthorApp.csproj", "{1E5DABB2-EBB4-DEDB-CA7E-8C08C9471AFF}"
EndProject
Global
	GlobalSection(SolutionConfigurationPlatforms) = preSolution
		Debug|Any CPU = Debug|Any CPU
		Release|Any CPU = Release|Any CPU
	EndGlobalSection
	GlobalSection(ProjectConfigurationPlatforms) = postSolution
		{1E5DABB2-EBB4-DEDB-CA7E-8C08C9471AFF}.Debug|Any CPU.ActiveCfg = Debug|Any CPU
		{1E5DABB2-EBB4-DEDB-CA7E-8C08C9471AFF}.Debug|Any CPU.Build.0 = Debug|Any CPU
		{1E5DABB2-EBB4-DEDB-CA7E-8C08C9471AFF}.Release|Any CPU.ActiveCfg = Release|Any CPU
		{1E5DABB2-EBB4-DEDB-CA7E-8C08C9471AFF}.Release|Any CPU.Build.0 = Release|Any CPU
	EndGlobalSection
	GlobalSection(SolutionProperties) = preSolution
		HideSolutionNode = FALSE
	EndGlobalSection
	GlobalSection(ExtensibilityGlobals) = postSolution
		SolutionGuid = {E12B55BE-A0AE-404E-B28E-84BC22DFD5AD}
	EndGlobalSection
EndGlobal
